
Microsoft Visual Studio Solution File, Format Version 12.00
# Visual Studio 14
VisualStudioVersion = 14.0.24720.0
MinimumVisualStudioVersion = 10.0.40219.1
Project("{FAE04EC0-301F-11D3-BF4B-00C04F79EFBC}") = "PhotoViewer", "PhotoViewer\PhotoViewer.csproj", "{7BAC0EA0-4ED9-4C86-A165-39B3A9A51E1C}"
EndProject
Project("{6141683F-8A12-4E36-9623-2EB02B2C2303}") = "Photo Viewer Setup", "Photo Viewer Setup\Photo Viewer Setup.isproj", "{5BC201F8-EDAA-4B2A-9687-76E8838877A3}"
EndProject
Global
	GlobalSection(SolutionConfigurationPlatforms) = preSolution
		CD_ROM|Any CPU = CD_ROM|Any CPU
		Debug|Any CPU = Debug|Any CPU
		DVD-5|Any CPU = DVD-5|Any CPU
		Release|Any CPU = Release|Any CPU
		SingleImage|Any CPU = SingleImage|Any CPU
	EndGlobalSection
	GlobalSection(ProjectConfigurationPlatforms) = postSolution
		{7BAC0EA0-4ED9-4C86-A165-39B3A9A51E1C}.CD_ROM|Any CPU.ActiveCfg = Release|Any CPU
		{7BAC0EA0-4ED9-4C86-A165-39B3A9A51E1C}.CD_ROM|Any CPU.Build.0 = Release|Any CPU
		{7BAC0EA0-4ED9-4C86-A165-39B3A9A51E1C}.Debug|Any CPU.ActiveCfg = Debug|Any CPU
		{7BAC0EA0-4ED9-4C86-A165-39B3A9A51E1C}.Debug|Any CPU.Build.0 = Debug|Any CPU
		{7BAC0EA0-4ED9-4C86-A165-39B3A9A51E1C}.DVD-5|Any CPU.ActiveCfg = Debug|Any CPU
		{7BAC0EA0-4ED9-4C86-A165-39B3A9A51E1C}.DVD-5|Any CPU.Build.0 = Debug|Any CPU
		{7BAC0EA0-4ED9-4C86-A165-39B3A9A51E1C}.Release|Any CPU.ActiveCfg = Release|Any CPU
		{7BAC0EA0-4ED9-4C86-A165-39B3A9A51E1C}.Release|Any CPU.Build.0 = Release|Any CPU
		{7BAC0EA0-4ED9-4C86-A165-39B3A9A51E1C}.SingleImage|Any CPU.ActiveCfg = Release|Any CPU
		{7BAC0EA0-4ED9-4C86-A165-39B3A9A51E1C}.SingleImage|Any CPU.Build.0 = Release|Any CPU
		{5BC201F8-EDAA-4B2A-9687-76E8838877A3}.CD_ROM|Any CPU.ActiveCfg = CD_ROM
		{5BC201F8-EDAA-4B2A-9687-76E8838877A3}.CD_ROM|Any CPU.Build.0 = CD_ROM
		{5BC201F8-EDAA-4B2A-9687-76E8838877A3}.Debug|Any CPU.ActiveCfg = DVD-5
		{5BC201F8-EDAA-4B2A-9687-76E8838877A3}.Debug|Any CPU.Build.0 = DVD-5
		{5BC201F8-EDAA-4B2A-9687-76E8838877A3}.DVD-5|Any CPU.ActiveCfg = DVD-5
		{5BC201F8-EDAA-4B2A-9687-76E8838877A3}.DVD-5|Any CPU.Build.0 = DVD-5
		{5BC201F8-EDAA-4B2A-9687-76E8838877A3}.Release|Any CPU.ActiveCfg = SingleImage
		{5BC201F8-EDAA-4B2A-9687-76E8838877A3}.Release|Any CPU.Build.0 = SingleImage
		{5BC201F8-EDAA-4B2A-9687-76E8838877A3}.SingleImage|Any CPU.ActiveCfg = SingleImage
		{5BC201F8-EDAA-4B2A-9687-76E8838877A3}.SingleImage|Any CPU.Build.0 = SingleImage
	EndGlobalSection
	GlobalSection(SolutionProperties) = preSolution
		HideSolutionNode = FALSE
	EndGlobalSection
EndGlobal
